
Microsoft Visual Studio Solution File, Format Version 12.00
# Visual Studio Version 16
VisualStudioVersion = 16.0.30804.86
MinimumVisualStudioVersion = 10.0.40219.1
Project("{FAE04EC0-301F-11D3-BF4B-00C04F79EFBC}") = "Uygulama 3", "Uygulama 3\Uygulama 3.csproj", "{111AA820-EFA6-4049-834D-F7AA751DDF90}"
EndProject
Global
	GlobalSection(SolutionConfigurationPlatforms) = preSolution
		Debug|Any CPU = Debug|Any CPU
		Release|Any CPU = Release|Any CPU
	EndGlobalSection
	GlobalSection(ProjectConfigurationPlatforms) = postSolution
		{111AA820-EFA6-4049-834D-F7AA751DDF90}.Debug|Any CPU.ActiveCfg = Debug|Any CPU
		{111AA820-EFA6-4049-834D-F7AA751DDF90}.Debug|Any CPU.Build.0 = Debug|Any CPU
		{111AA820-EFA6-4049-834D-F7AA751DDF90}.Release|Any CPU.ActiveCfg = Release|Any CPU
		{111AA820-EFA6-4049-834D-F7AA751DDF90}.Release|Any CPU.Build.0 = Release|Any CPU
	EndGlobalSection
	GlobalSection(SolutionProperties) = preSolution
		HideSolutionNode = FALSE
	EndGlobalSection
	GlobalSection(ExtensibilityGlobals) = postSolution
		SolutionGuid = {22DA4985-81C6-49D0-B3A7-6521D472E79D}
	EndGlobalSection
EndGlobal
