
Microsoft Visual Studio Solution File, Format Version 12.00
# Visual Studio Version 16
VisualStudioVersion = 16.0.31005.135
MinimumVisualStudioVersion = 10.0.40219.1
Project("{FAE04EC0-301F-11D3-BF4B-00C04F79EFBC}") = "Uygulama 3", "Uygulama 3\Uygulama 3.csproj", "{206AC202-AF8D-49BE-88CD-27908298FA69}"
EndProject
Global
	GlobalSection(SolutionConfigurationPlatforms) = preSolution
		Debug|Any CPU = Debug|Any CPU
		Release|Any CPU = Release|Any CPU
	EndGlobalSection
	GlobalSection(ProjectConfigurationPlatforms) = postSolution
		{206AC202-AF8D-49BE-88CD-27908298FA69}.Debug|Any CPU.ActiveCfg = Debug|Any CPU
		{206AC202-AF8D-49BE-88CD-27908298FA69}.Debug|Any CPU.Build.0 = Debug|Any CPU
		{206AC202-AF8D-49BE-88CD-27908298FA69}.Release|Any CPU.ActiveCfg = Release|Any CPU
		{206AC202-AF8D-49BE-88CD-27908298FA69}.Release|Any CPU.Build.0 = Release|Any CPU
	EndGlobalSection
	GlobalSection(SolutionProperties) = preSolution
		HideSolutionNode = FALSE
	EndGlobalSection
	GlobalSection(ExtensibilityGlobals) = postSolution
		SolutionGuid = {6E7AA535-8EDF-49A7-8A55-FABF2B8EE50A}
	EndGlobalSection
EndGlobal
