
Microsoft Visual Studio Solution File, Format Version 12.00
# Visual Studio Version 16
VisualStudioVersion = 16.0.30907.101
MinimumVisualStudioVersion = 10.0.40219.1
Project("{FAE04EC0-301F-11D3-BF4B-00C04F79EFBC}") = "Uygulama 1", "Uygulama 1\Uygulama 1.csproj", "{1988EE53-7056-42AD-B29C-2CB7DCECA81C}"
EndProject
Global
	GlobalSection(SolutionConfigurationPlatforms) = preSolution
		Debug|Any CPU = Debug|Any CPU
		Release|Any CPU = Release|Any CPU
	EndGlobalSection
	GlobalSection(ProjectConfigurationPlatforms) = postSolution
		{1988EE53-7056-42AD-B29C-2CB7DCECA81C}.Debug|Any CPU.ActiveCfg = Debug|Any CPU
		{1988EE53-7056-42AD-B29C-2CB7DCECA81C}.Debug|Any CPU.Build.0 = Debug|Any CPU
		{1988EE53-7056-42AD-B29C-2CB7DCECA81C}.Release|Any CPU.ActiveCfg = Release|Any CPU
		{1988EE53-7056-42AD-B29C-2CB7DCECA81C}.Release|Any CPU.Build.0 = Release|Any CPU
	EndGlobalSection
	GlobalSection(SolutionProperties) = preSolution
		HideSolutionNode = FALSE
	EndGlobalSection
	GlobalSection(ExtensibilityGlobals) = postSolution
		SolutionGuid = {88642E70-8F50-4160-BB07-FB9E626C47BB}
	EndGlobalSection
EndGlobal
