
Microsoft Visual Studio Solution File, Format Version 12.00
# Visual Studio Version 16
VisualStudioVersion = 16.0.30804.86
MinimumVisualStudioVersion = 10.0.40219.1
Project("{FAE04EC0-301F-11D3-BF4B-00C04F79EFBC}") = "Uygulama 8", "Uygulama 8\Uygulama 8.csproj", "{989E4A05-E3C0-4E78-A2EA-6F6FA2008D42}"
EndProject
Global
	GlobalSection(SolutionConfigurationPlatforms) = preSolution
		Debug|Any CPU = Debug|Any CPU
		Release|Any CPU = Release|Any CPU
	EndGlobalSection
	GlobalSection(ProjectConfigurationPlatforms) = postSolution
		{989E4A05-E3C0-4E78-A2EA-6F6FA2008D42}.Debug|Any CPU.ActiveCfg = Debug|Any CPU
		{989E4A05-E3C0-4E78-A2EA-6F6FA2008D42}.Debug|Any CPU.Build.0 = Debug|Any CPU
		{989E4A05-E3C0-4E78-A2EA-6F6FA2008D42}.Release|Any CPU.ActiveCfg = Release|Any CPU
		{989E4A05-E3C0-4E78-A2EA-6F6FA2008D42}.Release|Any CPU.Build.0 = Release|Any CPU
	EndGlobalSection
	GlobalSection(SolutionProperties) = preSolution
		HideSolutionNode = FALSE
	EndGlobalSection
	GlobalSection(ExtensibilityGlobals) = postSolution
		SolutionGuid = {5FCA3704-D056-4D3B-A6B6-94CF5AA8A961}
	EndGlobalSection
EndGlobal
