
Microsoft Visual Studio Solution File, Format Version 12.00
# Visual Studio Version 16
VisualStudioVersion = 16.0.30907.101
MinimumVisualStudioVersion = 10.0.40219.1
Project("{FAE04EC0-301F-11D3-BF4B-00C04F79EFBC}") = "Uygulama 17", "Uygulama 17\Uygulama 17.csproj", "{21F19F53-76FA-4E75-B805-BE53F8A30AA3}"
EndProject
Global
	GlobalSection(SolutionConfigurationPlatforms) = preSolution
		Debug|Any CPU = Debug|Any CPU
		Release|Any CPU = Release|Any CPU
	EndGlobalSection
	GlobalSection(ProjectConfigurationPlatforms) = postSolution
		{21F19F53-76FA-4E75-B805-BE53F8A30AA3}.Debug|Any CPU.ActiveCfg = Debug|Any CPU
		{21F19F53-76FA-4E75-B805-BE53F8A30AA3}.Debug|Any CPU.Build.0 = Debug|Any CPU
		{21F19F53-76FA-4E75-B805-BE53F8A30AA3}.Release|Any CPU.ActiveCfg = Release|Any CPU
		{21F19F53-76FA-4E75-B805-BE53F8A30AA3}.Release|Any CPU.Build.0 = Release|Any CPU
	EndGlobalSection
	GlobalSection(SolutionProperties) = preSolution
		HideSolutionNode = FALSE
	EndGlobalSection
	GlobalSection(ExtensibilityGlobals) = postSolution
		SolutionGuid = {14E8B8A0-FE88-400C-87E5-668C5891C718}
	EndGlobalSection
EndGlobal
