
Microsoft Visual Studio Solution File, Format Version 12.00
# Visual Studio Version 16
VisualStudioVersion = 16.0.30804.86
MinimumVisualStudioVersion = 10.0.40219.1
Project("{FAE04EC0-301F-11D3-BF4B-00C04F79EFBC}") = "Uygulama 5", "Uygulama 5\Uygulama 5.csproj", "{8113FDF0-2F57-4D85-B82C-0B7505205234}"
EndProject
Global
	GlobalSection(SolutionConfigurationPlatforms) = preSolution
		Debug|Any CPU = Debug|Any CPU
		Release|Any CPU = Release|Any CPU
	EndGlobalSection
	GlobalSection(ProjectConfigurationPlatforms) = postSolution
		{8113FDF0-2F57-4D85-B82C-0B7505205234}.Debug|Any CPU.ActiveCfg = Debug|Any CPU
		{8113FDF0-2F57-4D85-B82C-0B7505205234}.Debug|Any CPU.Build.0 = Debug|Any CPU
		{8113FDF0-2F57-4D85-B82C-0B7505205234}.Release|Any CPU.ActiveCfg = Release|Any CPU
		{8113FDF0-2F57-4D85-B82C-0B7505205234}.Release|Any CPU.Build.0 = Release|Any CPU
	EndGlobalSection
	GlobalSection(SolutionProperties) = preSolution
		HideSolutionNode = FALSE
	EndGlobalSection
	GlobalSection(ExtensibilityGlobals) = postSolution
		SolutionGuid = {BEF7F4EC-419A-4AD4-ABE3-6D6D9C5457A8}
	EndGlobalSection
EndGlobal
