
Microsoft Visual Studio Solution File, Format Version 12.00
# Visual Studio Version 16
VisualStudioVersion = 16.0.30804.86
MinimumVisualStudioVersion = 10.0.40219.1
Project("{FAE04EC0-301F-11D3-BF4B-00C04F79EFBC}") = "Uygulama 15", "Uygulama 15\Uygulama 15.csproj", "{485B550E-7CC9-460E-958E-12F63FB1D9F0}"
EndProject
Global
	GlobalSection(SolutionConfigurationPlatforms) = preSolution
		Debug|Any CPU = Debug|Any CPU
		Release|Any CPU = Release|Any CPU
	EndGlobalSection
	GlobalSection(ProjectConfigurationPlatforms) = postSolution
		{485B550E-7CC9-460E-958E-12F63FB1D9F0}.Debug|Any CPU.ActiveCfg = Debug|Any CPU
		{485B550E-7CC9-460E-958E-12F63FB1D9F0}.Debug|Any CPU.Build.0 = Debug|Any CPU
		{485B550E-7CC9-460E-958E-12F63FB1D9F0}.Release|Any CPU.ActiveCfg = Release|Any CPU
		{485B550E-7CC9-460E-958E-12F63FB1D9F0}.Release|Any CPU.Build.0 = Release|Any CPU
	EndGlobalSection
	GlobalSection(SolutionProperties) = preSolution
		HideSolutionNode = FALSE
	EndGlobalSection
	GlobalSection(ExtensibilityGlobals) = postSolution
		SolutionGuid = {0928CFAF-EAA8-4E1A-A71E-8F82A59941EA}
	EndGlobalSection
EndGlobal
