
Microsoft Visual Studio Solution File, Format Version 12.00
# Visual Studio Version 16
VisualStudioVersion = 16.0.30804.86
MinimumVisualStudioVersion = 10.0.40219.1
Project("{FAE04EC0-301F-11D3-BF4B-00C04F79EFBC}") = "Uygulama 5", "Uygulama 5\Uygulama 5.csproj", "{E42599A8-C4A0-4CF8-BA2F-7EF22FA7AD7B}"
EndProject
Global
	GlobalSection(SolutionConfigurationPlatforms) = preSolution
		Debug|Any CPU = Debug|Any CPU
		Release|Any CPU = Release|Any CPU
	EndGlobalSection
	GlobalSection(ProjectConfigurationPlatforms) = postSolution
		{E42599A8-C4A0-4CF8-BA2F-7EF22FA7AD7B}.Debug|Any CPU.ActiveCfg = Debug|Any CPU
		{E42599A8-C4A0-4CF8-BA2F-7EF22FA7AD7B}.Debug|Any CPU.Build.0 = Debug|Any CPU
		{E42599A8-C4A0-4CF8-BA2F-7EF22FA7AD7B}.Release|Any CPU.ActiveCfg = Release|Any CPU
		{E42599A8-C4A0-4CF8-BA2F-7EF22FA7AD7B}.Release|Any CPU.Build.0 = Release|Any CPU
	EndGlobalSection
	GlobalSection(SolutionProperties) = preSolution
		HideSolutionNode = FALSE
	EndGlobalSection
	GlobalSection(ExtensibilityGlobals) = postSolution
		SolutionGuid = {983A1C6B-0558-4152-B308-7AF0A81D4018}
	EndGlobalSection
EndGlobal
