
Microsoft Visual Studio Solution File, Format Version 12.00
# Visual Studio Version 16
VisualStudioVersion = 16.0.30804.86
MinimumVisualStudioVersion = 10.0.40219.1
Project("{FAE04EC0-301F-11D3-BF4B-00C04F79EFBC}") = "Uygulama 4", "Uygulama 4\Uygulama 4.csproj", "{70D60402-D915-40A4-85BD-0A42881959E4}"
EndProject
Global
	GlobalSection(SolutionConfigurationPlatforms) = preSolution
		Debug|Any CPU = Debug|Any CPU
		Release|Any CPU = Release|Any CPU
	EndGlobalSection
	GlobalSection(ProjectConfigurationPlatforms) = postSolution
		{70D60402-D915-40A4-85BD-0A42881959E4}.Debug|Any CPU.ActiveCfg = Debug|Any CPU
		{70D60402-D915-40A4-85BD-0A42881959E4}.Debug|Any CPU.Build.0 = Debug|Any CPU
		{70D60402-D915-40A4-85BD-0A42881959E4}.Release|Any CPU.ActiveCfg = Release|Any CPU
		{70D60402-D915-40A4-85BD-0A42881959E4}.Release|Any CPU.Build.0 = Release|Any CPU
	EndGlobalSection
	GlobalSection(SolutionProperties) = preSolution
		HideSolutionNode = FALSE
	EndGlobalSection
	GlobalSection(ExtensibilityGlobals) = postSolution
		SolutionGuid = {A91C2CD7-8673-4873-982F-0B7814173425}
	EndGlobalSection
EndGlobal
