
Microsoft Visual Studio Solution File, Format Version 12.00
# Visual Studio Version 16
VisualStudioVersion = 16.0.30907.101
MinimumVisualStudioVersion = 10.0.40219.1
Project("{FAE04EC0-301F-11D3-BF4B-00C04F79EFBC}") = "Uygulama 12", "Uygulama 12\Uygulama 12.csproj", "{4AB849A9-6441-4CF1-8C53-FC328A0DD26A}"
EndProject
Global
	GlobalSection(SolutionConfigurationPlatforms) = preSolution
		Debug|Any CPU = Debug|Any CPU
		Release|Any CPU = Release|Any CPU
	EndGlobalSection
	GlobalSection(ProjectConfigurationPlatforms) = postSolution
		{4AB849A9-6441-4CF1-8C53-FC328A0DD26A}.Debug|Any CPU.ActiveCfg = Debug|Any CPU
		{4AB849A9-6441-4CF1-8C53-FC328A0DD26A}.Debug|Any CPU.Build.0 = Debug|Any CPU
		{4AB849A9-6441-4CF1-8C53-FC328A0DD26A}.Release|Any CPU.ActiveCfg = Release|Any CPU
		{4AB849A9-6441-4CF1-8C53-FC328A0DD26A}.Release|Any CPU.Build.0 = Release|Any CPU
	EndGlobalSection
	GlobalSection(SolutionProperties) = preSolution
		HideSolutionNode = FALSE
	EndGlobalSection
	GlobalSection(ExtensibilityGlobals) = postSolution
		SolutionGuid = {28A86979-5199-487D-A356-9E1AD8F77599}
	EndGlobalSection
EndGlobal
