
Microsoft Visual Studio Solution File, Format Version 12.00
# Visual Studio Version 16
VisualStudioVersion = 16.0.30804.86
MinimumVisualStudioVersion = 10.0.40219.1
Project("{FAE04EC0-301F-11D3-BF4B-00C04F79EFBC}") = "Uygulama 6", "Uygulama 6\Uygulama 6.csproj", "{19CF2639-3972-449A-BDD6-077CC2DC9832}"
EndProject
Global
	GlobalSection(SolutionConfigurationPlatforms) = preSolution
		Debug|Any CPU = Debug|Any CPU
		Release|Any CPU = Release|Any CPU
	EndGlobalSection
	GlobalSection(ProjectConfigurationPlatforms) = postSolution
		{19CF2639-3972-449A-BDD6-077CC2DC9832}.Debug|Any CPU.ActiveCfg = Debug|Any CPU
		{19CF2639-3972-449A-BDD6-077CC2DC9832}.Debug|Any CPU.Build.0 = Debug|Any CPU
		{19CF2639-3972-449A-BDD6-077CC2DC9832}.Release|Any CPU.ActiveCfg = Release|Any CPU
		{19CF2639-3972-449A-BDD6-077CC2DC9832}.Release|Any CPU.Build.0 = Release|Any CPU
	EndGlobalSection
	GlobalSection(SolutionProperties) = preSolution
		HideSolutionNode = FALSE
	EndGlobalSection
	GlobalSection(ExtensibilityGlobals) = postSolution
		SolutionGuid = {771B6640-B7B6-404F-8F0B-62ACA0224078}
	EndGlobalSection
EndGlobal
