
Microsoft Visual Studio Solution File, Format Version 12.00
# Visual Studio Version 16
VisualStudioVersion = 16.0.31005.135
MinimumVisualStudioVersion = 10.0.40219.1
Project("{FAE04EC0-301F-11D3-BF4B-00C04F79EFBC}") = "Uygulama 1", "Uygulama 1\Uygulama 1.csproj", "{D635DF01-D4E8-4A1C-BCD1-84F05183F020}"
EndProject
Global
	GlobalSection(SolutionConfigurationPlatforms) = preSolution
		Debug|Any CPU = Debug|Any CPU
		Release|Any CPU = Release|Any CPU
	EndGlobalSection
	GlobalSection(ProjectConfigurationPlatforms) = postSolution
		{D635DF01-D4E8-4A1C-BCD1-84F05183F020}.Debug|Any CPU.ActiveCfg = Debug|Any CPU
		{D635DF01-D4E8-4A1C-BCD1-84F05183F020}.Debug|Any CPU.Build.0 = Debug|Any CPU
		{D635DF01-D4E8-4A1C-BCD1-84F05183F020}.Release|Any CPU.ActiveCfg = Release|Any CPU
		{D635DF01-D4E8-4A1C-BCD1-84F05183F020}.Release|Any CPU.Build.0 = Release|Any CPU
	EndGlobalSection
	GlobalSection(SolutionProperties) = preSolution
		HideSolutionNode = FALSE
	EndGlobalSection
	GlobalSection(ExtensibilityGlobals) = postSolution
		SolutionGuid = {9BC0B161-85DF-40FA-AEC7-904C5E2BBAA2}
	EndGlobalSection
EndGlobal
