
Microsoft Visual Studio Solution File, Format Version 12.00
# Visual Studio Version 16
VisualStudioVersion = 16.0.30804.86
MinimumVisualStudioVersion = 10.0.40219.1
Project("{FAE04EC0-301F-11D3-BF4B-00C04F79EFBC}") = "Uygulama 14", "Uygulama 14\Uygulama 14.csproj", "{2DF1BD08-C406-4984-A0AC-D809C9427DAA}"
EndProject
Global
	GlobalSection(SolutionConfigurationPlatforms) = preSolution
		Debug|Any CPU = Debug|Any CPU
		Release|Any CPU = Release|Any CPU
	EndGlobalSection
	GlobalSection(ProjectConfigurationPlatforms) = postSolution
		{2DF1BD08-C406-4984-A0AC-D809C9427DAA}.Debug|Any CPU.ActiveCfg = Debug|Any CPU
		{2DF1BD08-C406-4984-A0AC-D809C9427DAA}.Debug|Any CPU.Build.0 = Debug|Any CPU
		{2DF1BD08-C406-4984-A0AC-D809C9427DAA}.Release|Any CPU.ActiveCfg = Release|Any CPU
		{2DF1BD08-C406-4984-A0AC-D809C9427DAA}.Release|Any CPU.Build.0 = Release|Any CPU
	EndGlobalSection
	GlobalSection(SolutionProperties) = preSolution
		HideSolutionNode = FALSE
	EndGlobalSection
	GlobalSection(ExtensibilityGlobals) = postSolution
		SolutionGuid = {8EA9DFDF-14A1-4387-8779-9D3923BA843B}
	EndGlobalSection
EndGlobal
